// !$*UTF8*$!
{
	archiveVersion = 1;
	classes = {
	};
	objectVersion = 50;
	objects = {

/* Begin PBXBuildFile section */
		7C1636DA24D47723002F0A7C /* AddClass.swift in Sources */ = {isa = PBXBuildFile; fileRef = 7C1636D924D47722002F0A7C /* AddClass.swift */; };
		7CE6628F24D1CA9D0050A0DC /* AppDelegate.swift in Sources */ = {isa = PBXBuildFile; fileRef = 7CE6628E24D1CA9D0050A0DC /* AppDelegate.swift */; };
		7CE6629124D1CA9D0050A0DC /* SceneDelegate.swift in Sources */ = {isa = PBXBuildFile; fileRef = 7CE6629024D1CA9D0050A0DC /* SceneDelegate.swift */; };
		7CE6629324D1CA9D0050A0DC /* ContentView.swift in Sources */ = {isa = PBXBuildFile; fileRef = 7CE6629224D1CA9D0050A0DC /* ContentView.swift */; };
		7CE6629524D1CAA20050A0DC /* Assets.xcassets in Resources */ = {isa = PBXBuildFile; fileRef = 7CE6629424D1CAA20050A0DC /* Assets.xcassets */; };
		7CE6629824D1CAA20050A0DC /* Preview Assets.xcassets in Resources */ = {isa = PBXBuildFile; fileRef = 7CE6629724D1CAA20050A0DC /* Preview Assets.xcassets */; };
		7CE6629B24D1CAA20050A0DC /* LaunchScreen.storyboard in Resources */ = {isa = PBXBuildFile; fileRef = 7CE6629924D1CAA20050A0DC /* LaunchScreen.storyboard */; };
		7CE662A624D1CAA30050A0DC /* ScheduleTests.swift in Sources */ = {isa = PBXBuildFile; fileRef = 7CE662A524D1CAA30050A0DC /* ScheduleTests.swift */; };
		7CE662B124D1CAA30050A0DC /* ScheduleUITests.swift in Sources */ = {isa = PBXBuildFile; fileRef = 7CE662B024D1CAA30050A0DC /* ScheduleUITests.swift */; };
		7CE662C024D1D2FE0050A0DC /* Home.swift in Sources */ = {isa = PBXBuildFile; fileRef = 7CE662BF24D1D2FE0050A0DC /* Home.swift */; };
		7CE662C224D1DA650050A0DC /* WeekdayHeader.swift in Sources */ = {isa = PBXBuildFile; fileRef = 7CE662C124D1DA650050A0DC /* WeekdayHeader.swift */; };
/* End PBXBuildFile section */

/* Begin PBXContainerItemProxy section */
		7CE662A224D1CAA30050A0DC /* PBXContainerItemProxy */ = {
			isa = PBXContainerItemProxy;
			containerPortal = 7CE6628324D1CA9D0050A0DC /* Project object */;
			proxyType = 1;
			remoteGlobalIDString = 7CE6628A24D1CA9D0050A0DC;
			remoteInfo = Schedule;
		};
		7CE662AD24D1CAA30050A0DC /* PBXContainerItemProxy */ = {
			isa = PBXContainerItemProxy;
			containerPortal = 7CE6628324D1CA9D0050A0DC /* Project object */;
			proxyType = 1;
			remoteGlobalIDString = 7CE6628A24D1CA9D0050A0DC;
			remoteInfo = Schedule;
		};
/* End PBXContainerItemProxy section */

/* Begin PBXFileReference section */
		7C1636D924D47722002F0A7C /* AddClass.swift */ = {isa = PBXFileReference; lastKnownFileType = sourcecode.swift; path = AddClass.swift; sourceTree = "<group>"; };
		7CE6628B24D1CA9D0050A0DC /* Schedule.app */ = {isa = PBXFileReference; explicitFileType = wrapper.application; includeInIndex = 0; path = Schedule.app; sourceTree = BUILT_PRODUCTS_DIR; };
		7CE6628E24D1CA9D0050A0DC /* AppDelegate.swift */ = {isa = PBXFileReference; lastKnownFileType = sourcecode.swift; path = AppDelegate.swift; sourceTree = "<group>"; };
		7CE6629024D1CA9D0050A0DC /* SceneDelegate.swift */ = {isa = PBXFileReference; lastKnownFileType = sourcecode.swift; path = SceneDelegate.swift; sourceTree = "<group>"; };
		7CE6629224D1CA9D0050A0DC /* ContentView.swift */ = {isa = PBXFileReference; lastKnownFileType = sourcecode.swift; path = ContentView.swift; sourceTree = "<group>"; };
		7CE6629424D1CAA20050A0DC /* Assets.xcassets */ = {isa = PBXFileReference; lastKnownFileType = folder.assetcatalog; path = Assets.xcassets; sourceTree = "<group>"; };
		7CE6629724D1CAA20050A0DC /* Preview Assets.xcassets */ = {isa = PBXFileReference; lastKnownFileType = folder.assetcatalog; path = "Preview Assets.xcassets"; sourceTree = "<group>"; };
		7CE6629A24D1CAA20050A0DC /* Base */ = {isa = PBXFileReference; lastKnownFileType = file.storyboard; name = Base; path = Base.lproj/LaunchScreen.storyboard; sourceTree = "<group>"; };
		7CE6629C24D1CAA20050A0DC /* Info.plist */ = {isa = PBXFileReference; lastKnownFileType = text.plist.xml; path = Info.plist; sourceTree = "<group>"; };
		7CE662A124D1CAA30050A0DC /* ScheduleTests.xctest */ = {isa = PBXFileReference; explicitFileType = wrapper.cfbundle; includeInIndex = 0; path = ScheduleTests.xctest; sourceTree = BUILT_PRODUCTS_DIR; };
		7CE662A524D1CAA30050A0DC /* ScheduleTests.swift */ = {isa = PBXFileReference; lastKnownFileType = sourcecode.swift; path = ScheduleTests.swift; sourceTree = "<group>"; };
		7CE662A724D1CAA30050A0DC /* Info.plist */ = {isa = PBXFileReference; lastKnownFileType = text.plist.xml; path = Info.plist; sourceTree = "<group>"; };
		7CE662AC24D1CAA30050A0DC /* ScheduleUITests.xctest */ = {isa = PBXFileReference; explicitFileType = wrapper.cfbundle; includeInIndex = 0; path = ScheduleUITests.xctest; sourceTree = BUILT_PRODUCTS_DIR; };
		7CE662B024D1CAA30050A0DC /* ScheduleUITests.swift */ = {isa = PBXFileReference; lastKnownFileType = sourcecode.swift; path = ScheduleUITests.swift; sourceTree = "<group>"; };
		7CE662B224D1CAA30050A0DC /* Info.plist */ = {isa = PBXFileReference; lastKnownFileType = text.plist.xml; path = Info.plist; sourceTree = "<group>"; };
		7CE662BF24D1D2FE0050A0DC /* Home.swift */ = {isa = PBXFileReference; lastKnownFileType = sourcecode.swift; path = Home.swift; sourceTree = "<group>"; };
		7CE662C124D1DA650050A0DC /* WeekdayHeader.swift */ = {isa = PBXFileReference; lastKnownFileType = sourcecode.swift; path = WeekdayHeader.swift; sourceTree = "<group>"; };
/* End PBXFileReference section */

/* Begin PBXFrameworksBuildPhase section */
		7CE6628824D1CA9D0050A0DC /* Frameworks */ = {
			isa = PBXFrameworksBuildPhase;
			buildActionMask = 2147483647;
			files = (
			);
			runOnlyForDeploymentPostprocessing = 0;
		};
		7CE6629E24D1CAA30050A0DC /* Frameworks */ = {
			isa = PBXFrameworksBuildPhase;
			buildActionMask = 2147483647;
			files = (
			);
			runOnlyForDeploymentPostprocessing = 0;
		};
		7CE662A924D1CAA30050A0DC /* Frameworks */ = {
			isa = PBXFrameworksBuildPhase;
			buildActionMask = 2147483647;
			files = (
			);
			runOnlyForDeploymentPostprocessing = 0;
		};
/* End PBXFrameworksBuildPhase section */

/* Begin PBXGroup section */
		7CE6628224D1CA9D0050A0DC = {
			isa = PBXGroup;
			children = (
				7CE6628D24D1CA9D0050A0DC /* Schedule */,
				7CE662A424D1CAA30050A0DC /* ScheduleTests */,
				7CE662AF24D1CAA30050A0DC /* ScheduleUITests */,
				7CE6628C24D1CA9D0050A0DC /* Products */,
			);
			sourceTree = "<group>";
		};
		7CE6628C24D1CA9D0050A0DC /* Products */ = {
			isa = PBXGroup;
			children = (
				7CE6628B24D1CA9D0050A0DC /* Schedule.app */,
				7CE662A124D1CAA30050A0DC /* ScheduleTests.xctest */,
				7CE662AC24D1CAA30050A0DC /* ScheduleUITests.xctest */,
			);
			name = Products;
			sourceTree = "<group>";
		};
		7CE6628D24D1CA9D0050A0DC /* Schedule */ = {
			isa = PBXGroup;
			children = (
				7CE662BE24D1D2E40050A0DC /* Model */,
				7CE6628E24D1CA9D0050A0DC /* AppDelegate.swift */,
				7CE6629024D1CA9D0050A0DC /* SceneDelegate.swift */,
				7CE6629224D1CA9D0050A0DC /* ContentView.swift */,
				7CE6629424D1CAA20050A0DC /* Assets.xcassets */,
				7CE6629924D1CAA20050A0DC /* LaunchScreen.storyboard */,
				7CE6629C24D1CAA20050A0DC /* Info.plist */,
				7CE6629624D1CAA20050A0DC /* Preview Content */,
			);
			path = Schedule;
			sourceTree = "<group>";
		};
		7CE6629624D1CAA20050A0DC /* Preview Content */ = {
			isa = PBXGroup;
			children = (
				7CE6629724D1CAA20050A0DC /* Preview Assets.xcassets */,
			);
			path = "Preview Content";
			sourceTree = "<group>";
		};
		7CE662A424D1CAA30050A0DC /* ScheduleTests */ = {
			isa = PBXGroup;
			children = (
				7CE662A524D1CAA30050A0DC /* ScheduleTests.swift */,
				7CE662A724D1CAA30050A0DC /* Info.plist */,
			);
			path = ScheduleTests;
			sourceTree = "<group>";
		};
		7CE662AF24D1CAA30050A0DC /* ScheduleUITests */ = {
			isa = PBXGroup;
			children = (
				7CE662B024D1CAA30050A0DC /* ScheduleUITests.swift */,
				7CE662B224D1CAA30050A0DC /* Info.plist */,
			);
			path = ScheduleUITests;
			sourceTree = "<group>";
		};
		7CE662BE24D1D2E40050A0DC /* Model */ = {
			isa = PBXGroup;
			children = (
				7CE662BF24D1D2FE0050A0DC /* Home.swift */,
				7CE662C124D1DA650050A0DC /* WeekdayHeader.swift */,
				7C1636D924D47722002F0A7C /* AddClass.swift */,
			);
			path = Model;
			sourceTree = "<group>";
		};
/* End PBXGroup section */

/* Begin PBXNativeTarget section */
		7CE6628A24D1CA9D0050A0DC /* Schedule */ = {
			isa = PBXNativeTarget;
			buildConfigurationList = 7CE662B524D1CAA30050A0DC /* Build configuration list for PBXNativeTarget "Schedule" */;
			buildPhases = (
				7CE6628724D1CA9D0050A0DC /* Sources */,
				7CE6628824D1CA9D0050A0DC /* Frameworks */,
				7CE6628924D1CA9D0050A0DC /* Resources */,
			);
			buildRules = (
			);
			dependencies = (
			);
			name = Schedule;
			productName = Schedule;
			productReference = 7CE6628B24D1CA9D0050A0DC /* Schedule.app */;
			productType = "com.apple.product-type.application";
		};
		7CE662A024D1CAA30050A0DC /* ScheduleTests */ = {
			isa = PBXNativeTarget;
			buildConfigurationList = 7CE662B824D1CAA30050A0DC /* Build configuration list for PBXNativeTarget "ScheduleTests" */;
			buildPhases = (
				7CE6629D24D1CAA30050A0DC /* Sources */,
				7CE6629E24D1CAA30050A0DC /* Frameworks */,
				7CE6629F24D1CAA30050A0DC /* Resources */,
			);
			buildRules = (
			);
			dependencies = (
				7CE662A324D1CAA30050A0DC /* PBXTargetDependency */,
			);
			name = ScheduleTests;
			productName = ScheduleTests;
			productReference = 7CE662A124D1CAA30050A0DC /* ScheduleTests.xctest */;
			productType = "com.apple.product-type.bundle.unit-test";
		};
		7CE662AB24D1CAA30050A0DC /* ScheduleUITests */ = {
			isa = PBXNativeTarget;
			buildConfigurationList = 7CE662BB24D1CAA30050A0DC /* Build configuration list for PBXNativeTarget "ScheduleUITests" */;
			buildPhases = (
				7CE662A824D1CAA30050A0DC /* Sources */,
				7CE662A924D1CAA30050A0DC /* Frameworks */,
				7CE662AA24D1CAA30050A0DC /* Resources */,
			);
			buildRules = (
			);
			dependencies = (
				7CE662AE24D1CAA30050A0DC /* PBXTargetDependency */,
			);
			name = ScheduleUITests;
			productName = ScheduleUITests;
			productReference = 7CE662AC24D1CAA30050A0DC /* ScheduleUITests.xctest */;
			productType = "com.apple.product-type.bundle.ui-testing";
		};
/* End PBXNativeTarget section */

/* Begin PBXProject section */
		7CE6628324D1CA9D0050A0DC /* Project object */ = {
			isa = PBXProject;
			attributes = {
				LastSwiftUpdateCheck = 1160;
				LastUpgradeCheck = 1160;
				ORGANIZATIONNAME = "Fei Yun";
				TargetAttributes = {
					7CE6628A24D1CA9D0050A0DC = {
						CreatedOnToolsVersion = 11.6;
					};
					7CE662A024D1CAA30050A0DC = {
						CreatedOnToolsVersion = 11.6;
						TestTargetID = 7CE6628A24D1CA9D0050A0DC;
					};
					7CE662AB24D1CAA30050A0DC = {
						CreatedOnToolsVersion = 11.6;
						TestTargetID = 7CE6628A24D1CA9D0050A0DC;
					};
				};
			};
			buildConfigurationList = 7CE6628624D1CA9D0050A0DC /* Build configuration list for PBXProject "Schedule" */;
			compatibilityVersion = "Xcode 9.3";
			developmentRegion = en;
			hasScannedForEncodings = 0;
			knownRegions = (
				en,
				Base,
			);
			mainGroup = 7CE6628224D1CA9D0050A0DC;
			productRefGroup = 7CE6628C24D1CA9D0050A0DC /* Products */;
			projectDirPath = "";
			projectRoot = "";
			targets = (
				7CE6628A24D1CA9D0050A0DC /* Schedule */,
				7CE662A024D1CAA30050A0DC /* ScheduleTests */,
				7CE662AB24D1CAA30050A0DC /* ScheduleUITests */,
			);
		};
/* End PBXProject section */

/* Begin PBXResourcesBuildPhase section */
		7CE6628924D1CA9D0050A0DC /* Resources */ = {
			isa = PBXResourcesBuildPhase;
			buildActionMask = 2147483647;
			files = (
				7CE6629B24D1CAA20050A0DC /* LaunchScreen.storyboard in Resources */,
				7CE6629824D1CAA20050A0DC /* Preview Assets.xcassets in Resources */,
				7CE6629524D1CAA20050A0DC /* Assets.xcassets in Resources */,
			);
			runOnlyForDeploymentPostprocessing = 0;
		};
		7CE6629F24D1CAA30050A0DC /* Resources */ = {
			isa = PBXResourcesBuildPhase;
			buildActionMask = 2147483647;
			files = (
			);
			runOnlyForDeploymentPostprocessing = 0;
		};
		7CE662AA24D1CAA30050A0DC /* Resources */ = {
			isa = PBXResourcesBuildPhase;
			buildActionMask = 2147483647;
			files = (
			);
			runOnlyForDeploymentPostprocessing = 0;
		};
/* End PBXResourcesBuildPhase section */

/* Begin PBXSourcesBuildPhase section */
		7CE6628724D1CA9D0050A0DC /* Sources */ = {
			isa = PBXSourcesBuildPhase;
			buildActionMask = 2147483647;
			files = (
				7CE6628F24D1CA9D0050A0DC /* AppDelegate.swift in Sources */,
				7CE6629124D1CA9D0050A0DC /* SceneDelegate.swift in Sources */,
				7C1636DA24D47723002F0A7C /* AddClass.swift in Sources */,
				7CE662C224D1DA650050A0DC /* WeekdayHeader.swift in Sources */,
				7CE662C024D1D2FE0050A0DC /* Home.swift in Sources */,
				7CE6629324D1CA9D0050A0DC /* ContentView.swift in Sources */,
			);
			runOnlyForDeploymentPostprocessing = 0;
		};
		7CE6629D24D1CAA30050A0DC /* Sources */ = {
			isa = PBXSourcesBuildPhase;
			buildActionMask = 2147483647;
			files = (
				7CE662A624D1CAA30050A0DC /* ScheduleTests.swift in Sources */,
			);
			runOnlyForDeploymentPostprocessing = 0;
		};
		7CE662A824D1CAA30050A0DC /* Sources */ = {
			isa = PBXSourcesBuildPhase;
			buildActionMask = 2147483647;
			files = (
				7CE662B124D1CAA30050A0DC /* ScheduleUITests.swift in Sources */,
			);
			runOnlyForDeploymentPostprocessing = 0;
		};
/* End PBXSourcesBuildPhase section */

/* Begin PBXTargetDependency section */
		7CE662A324D1CAA30050A0DC /* PBXTargetDependency */ = {
			isa = PBXTargetDependency;
			target = 7CE6628A24D1CA9D0050A0DC /* Schedule */;
			targetProxy = 7CE662A224D1CAA30050A0DC /* PBXContainerItemProxy */;
		};
		7CE662AE24D1CAA30050A0DC /* PBXTargetDependency */ = {
			isa = PBXTargetDependency;
			target = 7CE6628A24D1CA9D0050A0DC /* Schedule */;
			targetProxy = 7CE662AD24D1CAA30050A0DC /* PBXContainerItemProxy */;
		};
/* End PBXTargetDependency section */

/* Begin PBXVariantGroup section */
		7CE6629924D1CAA20050A0DC /* LaunchScreen.storyboard */ = {
			isa = PBXVariantGroup;
			children = (
				7CE6629A24D1CAA20050A0DC /* Base */,
			);
			name = LaunchScreen.storyboard;
			sourceTree = "<group>";
		};
/* End PBXVariantGroup section */

/* Begin XCBuildConfiguration section */
		7CE662B324D1CAA30050A0DC /* Debug */ = {
			isa = XCBuildConfiguration;
			buildSettings = {
				ALWAYS_SEARCH_USER_PATHS = NO;
				CLANG_ANALYZER_NONNULL = YES;
				CLANG_ANALYZER_NUMBER_OBJECT_CONVERSION = YES_AGGRESSIVE;
				CLANG_CXX_LANGUAGE_STANDARD = "gnu++14";
				CLANG_CXX_LIBRARY = "libc++";
				CLANG_ENABLE_MODULES = YES;
				CLANG_ENABLE_OBJC_ARC = YES;
				CLANG_ENABLE_OBJC_WEAK = YES;
				CLANG_WARN_BLOCK_CAPTURE_AUTORELEASING = YES;
				CLANG_WARN_BOOL_CONVERSION = YES;
				CLANG_WARN_COMMA = YES;
				CLANG_WARN_CONSTANT_CONVERSION = YES;
				CLANG_WARN_DEPRECATED_OBJC_IMPLEMENTATIONS = YES;
				CLANG_WARN_DIRECT_OBJC_ISA_USAGE = YES_ERROR;
				CLANG_WARN_DOCUMENTATION_COMMENTS = YES;
				CLANG_WARN_EMPTY_BODY = YES;
				CLANG_WARN_ENUM_CONVERSION = YES;
				CLANG_WARN_INFINITE_RECURSION = YES;
				CLANG_WARN_INT_CONVERSION = YES;
				CLANG_WARN_NON_LITERAL_NULL_CONVERSION = YES;
				CLANG_WARN_OBJC_IMPLICIT_RETAIN_SELF = YES;
				CLANG_WARN_OBJC_LITERAL_CONVERSION = YES;
				CLANG_WARN_OBJC_ROOT_CLASS = YES_ERROR;
				CLANG_WARN_RANGE_LOOP_ANALYSIS = YES;
				CLANG_WARN_STRICT_PROTOTYPES = YES;
				CLANG_WARN_SUSPICIOUS_MOVE = YES;
				CLANG_WARN_UNGUARDED_AVAILABILITY = YES_AGGRESSIVE;
				CLANG_WARN_UNREACHABLE_CODE = YES;
				CLANG_WARN__DUPLICATE_METHOD_MATCH = YES;
				COPY_PHASE_STRIP = NO;
				DEBUG_INFORMATION_FORMAT = dwarf;
				ENABLE_STRICT_OBJC_MSGSEND = YES;
				ENABLE_TESTABILITY = YES;
				GCC_C_LANGUAGE_STANDARD = gnu11;
				GCC_DYNAMIC_NO_PIC = NO;
				GCC_NO_COMMON_BLOCKS = YES;
				GCC_OPTIMIZATION_LEVEL = 0;
				GCC_PREPROCESSOR_DEFINITIONS = (
					"DEBUG=1",
					"$(inherited)",
				);
				GCC_WARN_64_TO_32_BIT_CONVERSION = YES;
				GCC_WARN_ABOUT_RETURN_TYPE = YES_ERROR;
				GCC_WARN_UNDECLARED_SELECTOR = YES;
				GCC_WARN_UNINITIALIZED_AUTOS = YES_AGGRESSIVE;
				GCC_WARN_UNUSED_FUNCTION = YES;
				GCC_WARN_UNUSED_VARIABLE = YES;
				IPHONEOS_DEPLOYMENT_TARGET = 13.6;
				MTL_ENABLE_DEBUG_INFO = INCLUDE_SOURCE;
				MTL_FAST_MATH = YES;
				ONLY_ACTIVE_ARCH = YES;
				SDKROOT = iphoneos;
				SWIFT_ACTIVE_COMPILATION_CONDITIONS = DEBUG;
				SWIFT_OPTIMIZATION_LEVEL = "-Onone";
			};
			name = Debug;
		};
		7CE662B424D1CAA30050A0DC /* Release */ = {
			isa = XCBuildConfiguration;
			buildSettings = {
				ALWAYS_SEARCH_USER_PATHS = NO;
				CLANG_ANALYZER_NONNULL = YES;
				CLANG_ANALYZER_NUMBER_OBJECT_CONVERSION = YES_AGGRESSIVE;
				CLANG_CXX_LANGUAGE_STANDARD = "gnu++14";
				CLANG_CXX_LIBRARY = "libc++";
				CLANG_ENABLE_MODULES = YES;
				CLANG_ENABLE_OBJC_ARC = YES;
				CLANG_ENABLE_OBJC_WEAK = YES;
				CLANG_WARN_BLOCK_CAPTURE_AUTORELEASING = YES;
				CLANG_WARN_BOOL_CONVERSION = YES;
				CLANG_WARN_COMMA = YES;
				CLANG_WARN_CONSTANT_CONVERSION = YES;
				CLANG_WARN_DEPRECATED_OBJC_IMPLEMENTATIONS = YES;
				CLANG_WARN_DIRECT_OBJC_ISA_USAGE = YES_ERROR;
				CLANG_WARN_DOCUMENTATION_COMMENTS = YES;
				CLANG_WARN_EMPTY_BODY = YES;
				CLANG_WARN_ENUM_CONVERSION = YES;
				CLANG_WARN_INFINITE_RECURSION = YES;
				CLANG_WARN_INT_CONVERSION = YES;
				CLANG_WARN_NON_LITERAL_NULL_CONVERSION = YES;
				CLANG_WARN_OBJC_IMPLICIT_RETAIN_SELF = YES;
				CLANG_WARN_OBJC_LITERAL_CONVERSION = YES;
				CLANG_WARN_OBJC_ROOT_CLASS = YES_ERROR;
				CLANG_WARN_RANGE_LOOP_ANALYSIS = YES;
				CLANG_WARN_STRICT_PROTOTYPES = YES;
				CLANG_WARN_SUSPICIOUS_MOVE = YES;
				CLANG_WARN_UNGUARDED_AVAILABILITY = YES_AGGRESSIVE;
				CLANG_WARN_UNREACHABLE_CODE = YES;
				CLANG_WARN__DUPLICATE_METHOD_MATCH = YES;
				COPY_PHASE_STRIP = NO;
				DEBUG_INFORMATION_FORMAT = "dwarf-with-dsym";
				ENABLE_NS_ASSERTIONS = NO;
				ENABLE_STRICT_OBJC_MSGSEND = YES;
				GCC_C_LANGUAGE_STANDARD = gnu11;
				GCC_NO_COMMON_BLOCKS = YES;
				GCC_WARN_64_TO_32_BIT_CONVERSION = YES;
				GCC_WARN_ABOUT_RETURN_TYPE = YES_ERROR;
				GCC_WARN_UNDECLARED_SELECTOR = YES;
				GCC_WARN_UNINITIALIZED_AUTOS = YES_AGGRESSIVE;
				GCC_WARN_UNUSED_FUNCTION = YES;
				GCC_WARN_UNUSED_VARIABLE = YES;
				IPHONEOS_DEPLOYMENT_TARGET = 13.6;
				MTL_ENABLE_DEBUG_INFO = NO;
				MTL_FAST_MATH = YES;
				SDKROOT = iphoneos;
				SWIFT_COMPILATION_MODE = wholemodule;
				SWIFT_OPTIMIZATION_LEVEL = "-O";
				VALIDATE_PRODUCT = YES;
			};
			name = Release;
		};
		7CE662B624D1CAA30050A0DC /* Debug */ = {
			isa = XCBuildConfiguration;
			buildSettings = {
				ASSETCATALOG_COMPILER_APPICON_NAME = AppIcon;
				CODE_SIGN_STYLE = Automatic;
				DEVELOPMENT_ASSET_PATHS = "\"Schedule/Preview Content\"";
				ENABLE_PREVIEWS = YES;
				INFOPLIST_FILE = Schedule/Info.plist;
				LD_RUNPATH_SEARCH_PATHS = (
					"$(inherited)",
					"@executable_path/Frameworks",
				);
				PRODUCT_BUNDLE_IDENTIFIER = com.Schedule;
				PRODUCT_NAME = "$(TARGET_NAME)";
				SWIFT_VERSION = 5.0;
				TARGETED_DEVICE_FAMILY = "1,2";
			};
			name = Debug;
		};
		7CE662B724D1CAA30050A0DC /* Release */ = {
			isa = XCBuildConfiguration;
			buildSettings = {
				ASSETCATALOG_COMPILER_APPICON_NAME = AppIcon;
				CODE_SIGN_STYLE = Automatic;
				DEVELOPMENT_ASSET_PATHS = "\"Schedule/Preview Content\"";
				ENABLE_PREVIEWS = YES;
				INFOPLIST_FILE = Schedule/Info.plist;
				LD_RUNPATH_SEARCH_PATHS = (
					"$(inherited)",
					"@executable_path/Frameworks",
				);
				PRODUCT_BUNDLE_IDENTIFIER = com.Schedule;
				PRODUCT_NAME = "$(TARGET_NAME)";
				SWIFT_VERSION = 5.0;
				TARGETED_DEVICE_FAMILY = "1,2";
			};
			name = Release;
		};
		7CE662B924D1CAA30050A0DC /* Debug */ = {
			isa = XCBuildConfiguration;
			buildSettings = {
				ALWAYS_EMBED_SWIFT_STANDARD_LIBRARIES = YES;
				BUNDLE_LOADER = "$(TEST_HOST)";
				CODE_SIGN_STYLE = Automatic;
				INFOPLIST_FILE = ScheduleTests/Info.plist;
				IPHONEOS_DEPLOYMENT_TARGET = 13.6;
				LD_RUNPATH_SEARCH_PATHS = (
					"$(inherited)",
					"@executable_path/Frameworks",
					"@loader_path/Frameworks",
				);
				PRODUCT_BUNDLE_IDENTIFIER = com.ScheduleTests;
				PRODUCT_NAME = "$(TARGET_NAME)";
				SWIFT_VERSION = 5.0;
				TARGETED_DEVICE_FAMILY = "1,2";
				TEST_HOST = "$(BUILT_PRODUCTS_DIR)/Schedule.app/Schedule";
			};
			name = Debug;
		};
		7CE662BA24D1CAA30050A0DC /* Release */ = {
			isa = XCBuildConfiguration;
			buildSettings = {
				ALWAYS_EMBED_SWIFT_STANDARD_LIBRARIES = YES;
				BUNDLE_LOADER = "$(TEST_HOST)";
				CODE_SIGN_STYLE = Automatic;
				INFOPLIST_FILE = ScheduleTests/Info.plist;
				IPHONEOS_DEPLOYMENT_TARGET = 13.6;
				LD_RUNPATH_SEARCH_PATHS = (
					"$(inherited)",
					"@executable_path/Frameworks",
					"@loader_path/Frameworks",
				);
				PRODUCT_BUNDLE_IDENTIFIER = com.ScheduleTests;
				PRODUCT_NAME = "$(TARGET_NAME)";
				SWIFT_VERSION = 5.0;
				TARGETED_DEVICE_FAMILY = "1,2";
				TEST_HOST = "$(BUILT_PRODUCTS_DIR)/Schedule.app/Schedule";
			};
			name = Release;
		};
		7CE662BC24D1CAA30050A0DC /* Debug */ = {
			isa = XCBuildConfiguration;
			buildSettings = {
				ALWAYS_EMBED_SWIFT_STANDARD_LIBRARIES = YES;
				CODE_SIGN_STYLE = Automatic;
				INFOPLIST_FILE = ScheduleUITests/Info.plist;
				LD_RUNPATH_SEARCH_PATHS = (
					"$(inherited)",
					"@executable_path/Frameworks",
					"@loader_path/Frameworks",
				);
				PRODUCT_BUNDLE_IDENTIFIER = com.ScheduleUITests;
				PRODUCT_NAME = "$(TARGET_NAME)";
				SWIFT_VERSION = 5.0;
				TARGETED_DEVICE_FAMILY = "1,2";
				TEST_TARGET_NAME = Schedule;
			};
			name = Debug;
		};
		7CE662BD24D1CAA30050A0DC /* Release */ = {
			isa = XCBuildConfiguration;
			buildSettings = {
				ALWAYS_EMBED_SWIFT_STANDARD_LIBRARIES = YES;
				CODE_SIGN_STYLE = Automatic;
				INFOPLIST_FILE = ScheduleUITests/Info.plist;
				LD_RUNPATH_SEARCH_PATHS = (
					"$(inherited)",
					"@executable_path/Frameworks",
					"@loader_path/Frameworks",
				);
				PRODUCT_BUNDLE_IDENTIFIER = com.ScheduleUITests;
				PRODUCT_NAME = "$(TARGET_NAME)";
				SWIFT_VERSION = 5.0;
				TARGETED_DEVICE_FAMILY = "1,2";
				TEST_TARGET_NAME = Schedule;
			};
			name = Release;
		};
/* End XCBuildConfiguration section */

/* Begin XCConfigurationList section */
		7CE6628624D1CA9D0050A0DC /* Build configuration list for PBXProject "Schedule" */ = {
			isa = XCConfigurationList;
			buildConfigurations = (
				7CE662B324D1CAA30050A0DC /* Debug */,
				7CE662B424D1CAA30050A0DC /* Release */,
			);
			defaultConfigurationIsVisible = 0;
			defaultConfigurationName = Release;
		};
		7CE662B524D1CAA30050A0DC /* Build configuration list for PBXNativeTarget "Schedule" */ = {
			isa = XCConfigurationList;
			buildConfigurations = (
				7CE662B624D1CAA30050A0DC /* Debug */,
				7CE662B724D1CAA30050A0DC /* Release */,
			);
			defaultConfigurationIsVisible = 0;
			defaultConfigurationName = Release;
		};
		7CE662B824D1CAA30050A0DC /* Build configuration list for PBXNativeTarget "ScheduleTests" */ = {
			isa = XCConfigurationList;
			buildConfigurations = (
				7CE662B924D1CAA30050A0DC /* Debug */,
				7CE662BA24D1CAA30050A0DC /* Release */,
			);
			defaultConfigurationIsVisible = 0;
			defaultConfigurationName = Release;
		};
		7CE662BB24D1CAA30050A0DC /* Build configuration list for PBXNativeTarget "ScheduleUITests" */ = {
			isa = XCConfigurationList;
			buildConfigurations = (
				7CE662BC24D1CAA30050A0DC /* Debug */,
				7CE662BD24D1CAA30050A0DC /* Release */,
			);
			defaultConfigurationIsVisible = 0;
			defaultConfigurationName = Release;
		};
/* End XCConfigurationList section */
	};
	rootObject = 7CE6628324D1CA9D0050A0DC /* Project object */;
}
